
Microsoft Visual Studio Solution File, Format Version 12.00
# Visual Studio 15
VisualStudioVersion = 15.0.28307.902
MinimumVisualStudioVersion = 10.0.40219.1
Project("{8BC9CEB8-8B4A-11D0-8D11-00A0C91BC942}") = "4237电脑预约系统", "4237电脑预约系统\4237电脑预约系统.vcxproj", "{E92C9C10-6701-4704-9355-E4B49E080694}"
EndProject
Global
	GlobalSection(SolutionConfigurationPlatforms) = preSolution
		Debug|x64 = Debug|x64
		Debug|x86 = Debug|x86
		Release|x64 = Release|x64
		Release|x86 = Release|x86
	EndGlobalSection
	GlobalSection(ProjectConfigurationPlatforms) = postSolution
		{E92C9C10-6701-4704-9355-E4B49E080694}.Debug|x64.ActiveCfg = Debug|x64
		{E92C9C10-6701-4704-9355-E4B49E080694}.Debug|x64.Build.0 = Debug|x64
		{E92C9C10-6701-4704-9355-E4B49E080694}.Debug|x86.ActiveCfg = Debug|Win32
		{E92C9C10-6701-4704-9355-E4B49E080694}.Debug|x86.Build.0 = Debug|Win32
		{E92C9C10-6701-4704-9355-E4B49E080694}.Release|x64.ActiveCfg = Release|x64
		{E92C9C10-6701-4704-9355-E4B49E080694}.Release|x64.Build.0 = Release|x64
		{E92C9C10-6701-4704-9355-E4B49E080694}.Release|x86.ActiveCfg = Release|Win32
		{E92C9C10-6701-4704-9355-E4B49E080694}.Release|x86.Build.0 = Release|Win32
	EndGlobalSection
	GlobalSection(SolutionProperties) = preSolution
		HideSolutionNode = FALSE
	EndGlobalSection
	GlobalSection(ExtensibilityGlobals) = postSolution
		SolutionGuid = {4145835E-CE60-48A7-8F91-FA6F666F922C}
	EndGlobalSection
EndGlobal
